
Microsoft Visual Studio Solution File, Format Version 12.00
# Visual Studio 15
VisualStudioVersion = 15.0.26430.14
MinimumVisualStudioVersion = 10.0.40219.1
Project("{FAE04EC0-301F-11D3-BF4B-00C04F79EFBC}") = "Web_Api", "Web_Api\Web_Api.csproj", "{CCBCA2FD-C5CE-4168-8857-32EAC839B267}"
EndProject
Global
	GlobalSection(SolutionConfigurationPlatforms) = preSolution
		Debug|Any CPU = Debug|Any CPU
		Release|Any CPU = Release|Any CPU
	EndGlobalSection
	GlobalSection(ProjectConfigurationPlatforms) = postSolution
		{CCBCA2FD-C5CE-4168-8857-32EAC839B267}.Debug|Any CPU.ActiveCfg = Debug|Any CPU
		{CCBCA2FD-C5CE-4168-8857-32EAC839B267}.Debug|Any CPU.Build.0 = Debug|Any CPU
		{CCBCA2FD-C5CE-4168-8857-32EAC839B267}.Release|Any CPU.ActiveCfg = Release|Any CPU
		{CCBCA2FD-C5CE-4168-8857-32EAC839B267}.Release|Any CPU.Build.0 = Release|Any CPU
	EndGlobalSection
	GlobalSection(SolutionProperties) = preSolution
		HideSolutionNode = FALSE
	EndGlobalSection
EndGlobal
